{
  "version": 4,
  "terraform_version": "1.8.3",
  "serial": 62,
  "lineage": "4592dd01-9306-5e2e-d83c-b83ce955bbf8",
  "outputs": {},
  "resources": [
    {
      "mode": "data",
      "type": "aws_ami",
      "name": "this",
      "provider": "provider[\"registry.terraform.io/hashicorp/aws\"]",
      "instances": [
        {
          "schema_version": 0,
          "attributes": {
            "architecture": "x86_64",
            "arn": "arn:aws:ec2:us-east-1::image/ami-0bb84b8ffd87024d8",
            "block_device_mappings": [
              {
                "device_name": "/dev/xvda",
                "ebs": {
                  "delete_on_termination": "true",
                  "encrypted": "false",
                  "iops": "3000",
                  "snapshot_id": "snap-096c7a7291b1dbdec",
                  "throughput": "125",
                  "volume_size": "8",
                  "volume_type": "gp3"
                },
                "no_device": "",
                "virtual_name": ""
              }
            ],
            "boot_mode": "uefi-preferred",
            "creation_date": "2024-05-09T21:09:34.000Z",
            "deprecation_time": "2024-08-07T21:10:00.000Z",
            "description": "Amazon Linux 2023 AMI 2023.4.20240513.0 x86_64 HVM kernel-6.1",
            "ena_support": true,
            "executable_users": null,
            "filter": [
              {
                "name": "architecture",
                "values": [
                  "x86_64"
                ]
              },
              {
                "name": "name",
                "values": [
                  "al2023-ami-2023*"
                ]
              }
            ],
            "hypervisor": "xen",
            "id": "ami-0bb84b8ffd87024d8",
            "image_id": "ami-0bb84b8ffd87024d8",
            "image_location": "amazon/al2023-ami-2023.4.20240513.0-kernel-6.1-x86_64",
            "image_owner_alias": "amazon",
            "image_type": "machine",
            "imds_support": "v2.0",
            "include_deprecated": false,
            "kernel_id": "",
            "most_recent": true,
            "name": "al2023-ami-2023.4.20240513.0-kernel-6.1-x86_64",
            "name_regex": null,
            "owner_id": "137112412989",
            "owners": [
              "amazon"
            ],
            "platform": "",
            "platform_details": "Linux/UNIX",
            "product_codes": [],
            "public": true,
            "ramdisk_id": "",
            "root_device_name": "/dev/xvda",
            "root_device_type": "ebs",
            "root_snapshot_id": "snap-096c7a7291b1dbdec",
            "sriov_net_support": "simple",
            "state": "available",
            "state_reason": {
              "code": "UNSET",
              "message": "UNSET"
            },
            "tags": {},
            "timeouts": null,
            "tpm_support": "",
            "usage_operation": "RunInstances",
            "virtualization_type": "hvm"
          },
          "sensitive_attributes": []
        }
      ]
    },
    {
      "mode": "data",
      "type": "aws_ami",
      "name": "ubuntu",
      "provider": "provider[\"registry.terraform.io/hashicorp/aws\"]",
      "instances": [
        {
          "schema_version": 0,
          "attributes": {
            "architecture": "x86_64",
            "arn": "arn:aws:ec2:us-east-1::image/ami-012485deee5681dc0",
            "block_device_mappings": [
              {
                "device_name": "/dev/sda1",
                "ebs": {
                  "delete_on_termination": "true",
                  "encrypted": "false",
                  "iops": "0",
                  "snapshot_id": "snap-0ded7428c823e331b",
                  "throughput": "0",
                  "volume_size": "8",
                  "volume_type": "gp2"
                },
                "no_device": "",
                "virtual_name": ""
              },
              {
                "device_name": "/dev/sdb",
                "ebs": {},
                "no_device": "",
                "virtual_name": "ephemeral0"
              },
              {
                "device_name": "/dev/sdc",
                "ebs": {},
                "no_device": "",
                "virtual_name": "ephemeral1"
              }
            ],
            "boot_mode": "uefi-preferred",
            "creation_date": "2024-05-14T02:56:34.000Z",
            "deprecation_time": "2026-05-14T02:56:34.000Z",
            "description": "Canonical, Ubuntu, 22.04 LTS, amd64 jammy image build on 2024-05-14",
            "ena_support": true,
            "executable_users": null,
            "filter": [
              {
                "name": "name",
                "values": [
                  "ubuntu/images/hvm-ssd/ubuntu-jammy-22.04-amd64-server-*"
                ]
              },
              {
                "name": "virtualization-type",
                "values": [
                  "hvm"
                ]
              }
            ],
            "hypervisor": "xen",
            "id": "ami-012485deee5681dc0",
            "image_id": "ami-012485deee5681dc0",
            "image_location": "amazon/ubuntu/images/hvm-ssd/ubuntu-jammy-22.04-amd64-server-20240514",
            "image_owner_alias": "amazon",
            "image_type": "machine",
            "imds_support": "",
            "include_deprecated": false,
            "kernel_id": "",
            "most_recent": true,
            "name": "ubuntu/images/hvm-ssd/ubuntu-jammy-22.04-amd64-server-20240514",
            "name_regex": null,
            "owner_id": "099720109477",
            "owners": [
              "099720109477"
            ],
            "platform": "",
            "platform_details": "Linux/UNIX",
            "product_codes": [],
            "public": true,
            "ramdisk_id": "",
            "root_device_name": "/dev/sda1",
            "root_device_type": "ebs",
            "root_snapshot_id": "snap-0ded7428c823e331b",
            "sriov_net_support": "simple",
            "state": "available",
            "state_reason": {
              "code": "UNSET",
              "message": "UNSET"
            },
            "tags": {},
            "timeouts": null,
            "tpm_support": "",
            "usage_operation": "RunInstances",
            "virtualization_type": "hvm"
          },
          "sensitive_attributes": []
        }
      ]
    },
    {
      "mode": "managed",
      "type": "aws_eip",
      "name": "eip",
      "provider": "provider[\"registry.terraform.io/hashicorp/aws\"]",
      "instances": [
        {
          "schema_version": 0,
          "attributes": {
            "address": null,
            "allocation_id": "eipalloc-0bc6425f5d0070596",
            "associate_with_private_ip": null,
            "association_id": "eipassoc-0bc9061a4b69a1704",
            "carrier_ip": "",
            "customer_owned_ip": "",
            "customer_owned_ipv4_pool": "",
            "domain": "vpc",
            "id": "eipalloc-0bc6425f5d0070596",
            "instance": "i-01490cf4f6cc63198",
            "network_border_group": "us-east-1",
            "network_interface": "eni-07acbd93416216326",
            "private_dns": "ip-10-0-1-100.ec2.internal",
            "private_ip": "10.0.1.100",
            "public_dns": "ec2-100-27-72-26.compute-1.amazonaws.com",
            "public_ip": "100.27.72.26",
            "public_ipv4_pool": "amazon",
            "tags": {},
            "tags_all": {},
            "timeouts": null,
            "vpc": true
          },
          "sensitive_attributes": [],
          "private": "eyJlMmJmYjczMC1lY2FhLTExZTYtOGY4OC0zNDM2M2JjN2M0YzAiOnsiZGVsZXRlIjoxODAwMDAwMDAwMDAsInJlYWQiOjkwMDAwMDAwMDAwMCwidXBkYXRlIjozMDAwMDAwMDAwMDB9fQ==",
          "dependencies": [
            "aws_instance.web",
            "aws_key_pair.deployer",
            "aws_network_interface.network-interface",
            "aws_security_group.allow_ssh",
            "aws_subnet.public",
            "aws_vpc.main",
            "data.aws_ami.ubuntu",
            "tls_private_key.pk"
          ]
        }
      ]
    },
    {
      "mode": "managed",
      "type": "aws_eip",
      "name": "eip_2",
      "provider": "provider[\"registry.terraform.io/hashicorp/aws\"]",
      "instances": [
        {
          "schema_version": 0,
          "attributes": {
            "address": null,
            "allocation_id": "eipalloc-067a56ec338020f6b",
            "associate_with_private_ip": null,
            "association_id": "eipassoc-02f0107a84f484826",
            "carrier_ip": "",
            "customer_owned_ip": "",
            "customer_owned_ipv4_pool": "",
            "domain": "vpc",
            "id": "eipalloc-067a56ec338020f6b",
            "instance": "i-040bb03bfb4eeb01d",
            "network_border_group": "us-east-1",
            "network_interface": "eni-0f64593a333c5bf69",
            "private_dns": "ip-10-0-1-101.ec2.internal",
            "private_ip": "10.0.1.101",
            "public_dns": "ec2-34-197-19-23.compute-1.amazonaws.com",
            "public_ip": "34.197.19.23",
            "public_ipv4_pool": "amazon",
            "tags": {},
            "tags_all": {},
            "timeouts": null,
            "vpc": true
          },
          "sensitive_attributes": [],
          "private": "eyJlMmJmYjczMC1lY2FhLTExZTYtOGY4OC0zNDM2M2JjN2M0YzAiOnsiZGVsZXRlIjoxODAwMDAwMDAwMDAsInJlYWQiOjkwMDAwMDAwMDAwMCwidXBkYXRlIjozMDAwMDAwMDAwMDB9fQ==",
          "dependencies": [
            "aws_instance.second-server",
            "aws_key_pair.deployer",
            "aws_network_interface.network-interface_2",
            "aws_security_group.allow_ssh",
            "aws_subnet.public",
            "aws_vpc.main",
            "data.aws_ami.this",
            "tls_private_key.pk"
          ]
        }
      ]
    },
    {
      "mode": "managed",
      "type": "aws_instance",
      "name": "second-server",
      "provider": "provider[\"registry.terraform.io/hashicorp/aws\"]",
      "instances": [
        {
          "schema_version": 1,
          "attributes": {
            "ami": "ami-0bb84b8ffd87024d8",
            "arn": "arn:aws:ec2:us-east-1:654654556718:instance/i-040bb03bfb4eeb01d",
            "associate_public_ip_address": true,
            "availability_zone": "us-east-1a",
            "capacity_reservation_specification": [
              {
                "capacity_reservation_preference": "open",
                "capacity_reservation_target": []
              }
            ],
            "cpu_core_count": 1,
            "cpu_options": [
              {
                "amd_sev_snp": "",
                "core_count": 1,
                "threads_per_core": 2
              }
            ],
            "cpu_threads_per_core": 2,
            "credit_specification": [
              {
                "cpu_credits": "unlimited"
              }
            ],
            "disable_api_stop": false,
            "disable_api_termination": false,
            "ebs_block_device": [],
            "ebs_optimized": false,
            "enclave_options": [
              {
                "enabled": false
              }
            ],
            "ephemeral_block_device": [],
            "get_password_data": false,
            "hibernation": false,
            "host_id": "",
            "host_resource_group_arn": null,
            "iam_instance_profile": "",
            "id": "i-040bb03bfb4eeb01d",
            "instance_initiated_shutdown_behavior": "stop",
            "instance_state": "running",
            "instance_type": "t3.micro",
            "ipv6_address_count": 0,
            "ipv6_addresses": [],
            "key_name": "deployer-key",
            "launch_template": [],
            "maintenance_options": [
              {
                "auto_recovery": "default"
              }
            ],
            "metadata_options": [
              {
                "http_endpoint": "enabled",
                "http_put_response_hop_limit": 2,
                "http_tokens": "required",
                "instance_metadata_tags": "disabled"
              }
            ],
            "monitoring": false,
            "network_interface": [
              {
                "delete_on_termination": false,
                "device_index": 0,
                "network_card_index": 0,
                "network_interface_id": "eni-0f64593a333c5bf69"
              }
            ],
            "outpost_arn": "",
            "password_data": "",
            "placement_group": "",
            "placement_partition_number": 0,
            "primary_network_interface_id": "eni-0f64593a333c5bf69",
            "private_dns": "ip-10-0-1-101.ec2.internal",
            "private_dns_name_options": [
              {
                "enable_resource_name_dns_a_record": false,
                "enable_resource_name_dns_aaaa_record": false,
                "hostname_type": "ip-name"
              }
            ],
            "private_ip": "10.0.1.101",
            "public_dns": "",
            "public_ip": "34.197.19.23",
            "root_block_device": [
              {
                "delete_on_termination": true,
                "device_name": "/dev/xvda",
                "encrypted": false,
                "iops": 3000,
                "kms_key_id": "",
                "tags": {},
                "throughput": 125,
                "volume_id": "vol-079605e459c6c315d",
                "volume_size": 8,
                "volume_type": "gp3"
              }
            ],
            "secondary_private_ips": [],
            "security_groups": [],
            "source_dest_check": true,
            "subnet_id": "subnet-029dfbab2968d7f87",
            "tags": {
              "Name": "Helloworld"
            },
            "tags_all": {
              "Name": "Helloworld"
            },
            "tenancy": "default",
            "timeouts": null,
            "user_data": null,
            "user_data_base64": null,
            "user_data_replace_on_change": false,
            "volume_tags": null,
            "vpc_security_group_ids": [
              "sg-0587c8d264643700f"
            ]
          },
          "sensitive_attributes": [],
          "private": "eyJlMmJmYjczMC1lY2FhLTExZTYtOGY4OC0zNDM2M2JjN2M0YzAiOnsiY3JlYXRlIjo2MDAwMDAwMDAwMDAsImRlbGV0ZSI6MTIwMDAwMDAwMDAwMCwidXBkYXRlIjo2MDAwMDAwMDAwMDB9LCJzY2hlbWFfdmVyc2lvbiI6IjEifQ==",
          "dependencies": [
            "aws_key_pair.deployer",
            "aws_network_interface.network-interface_2",
            "aws_security_group.allow_ssh",
            "aws_subnet.public",
            "aws_vpc.main",
            "data.aws_ami.this",
            "tls_private_key.pk"
          ]
        }
      ]
    },
    {
      "mode": "managed",
      "type": "aws_instance",
      "name": "web",
      "provider": "provider[\"registry.terraform.io/hashicorp/aws\"]",
      "instances": [
        {
          "schema_version": 1,
          "attributes": {
            "ami": "ami-012485deee5681dc0",
            "arn": "arn:aws:ec2:us-east-1:654654556718:instance/i-01490cf4f6cc63198",
            "associate_public_ip_address": true,
            "availability_zone": "us-east-1a",
            "capacity_reservation_specification": [
              {
                "capacity_reservation_preference": "open",
                "capacity_reservation_target": []
              }
            ],
            "cpu_core_count": 1,
            "cpu_options": [
              {
                "amd_sev_snp": "",
                "core_count": 1,
                "threads_per_core": 2
              }
            ],
            "cpu_threads_per_core": 2,
            "credit_specification": [
              {
                "cpu_credits": "unlimited"
              }
            ],
            "disable_api_stop": false,
            "disable_api_termination": false,
            "ebs_block_device": [],
            "ebs_optimized": false,
            "enclave_options": [
              {
                "enabled": false
              }
            ],
            "ephemeral_block_device": [],
            "get_password_data": false,
            "hibernation": false,
            "host_id": "",
            "host_resource_group_arn": null,
            "iam_instance_profile": "",
            "id": "i-01490cf4f6cc63198",
            "instance_initiated_shutdown_behavior": "stop",
            "instance_state": "running",
            "instance_type": "t3.micro",
            "ipv6_address_count": 0,
            "ipv6_addresses": [],
            "key_name": "deployer-key",
            "launch_template": [],
            "maintenance_options": [
              {
                "auto_recovery": "default"
              }
            ],
            "metadata_options": [
              {
                "http_endpoint": "enabled",
                "http_put_response_hop_limit": 1,
                "http_tokens": "optional",
                "instance_metadata_tags": "disabled"
              }
            ],
            "monitoring": false,
            "network_interface": [
              {
                "delete_on_termination": false,
                "device_index": 0,
                "network_card_index": 0,
                "network_interface_id": "eni-07acbd93416216326"
              }
            ],
            "outpost_arn": "",
            "password_data": "",
            "placement_group": "",
            "placement_partition_number": 0,
            "primary_network_interface_id": "eni-07acbd93416216326",
            "private_dns": "ip-10-0-1-100.ec2.internal",
            "private_dns_name_options": [
              {
                "enable_resource_name_dns_a_record": false,
                "enable_resource_name_dns_aaaa_record": false,
                "hostname_type": "ip-name"
              }
            ],
            "private_ip": "10.0.1.100",
            "public_dns": "",
            "public_ip": "100.27.72.26",
            "root_block_device": [
              {
                "delete_on_termination": true,
                "device_name": "/dev/sda1",
                "encrypted": false,
                "iops": 100,
                "kms_key_id": "",
                "tags": {},
                "throughput": 0,
                "volume_id": "vol-0222ed7812e5c4cdd",
                "volume_size": 8,
                "volume_type": "gp2"
              }
            ],
            "secondary_private_ips": [],
            "security_groups": [],
            "source_dest_check": true,
            "subnet_id": "subnet-029dfbab2968d7f87",
            "tags": {
              "Name": "Helloworld"
            },
            "tags_all": {
              "Name": "Helloworld"
            },
            "tenancy": "default",
            "timeouts": null,
            "user_data": null,
            "user_data_base64": null,
            "user_data_replace_on_change": false,
            "volume_tags": null,
            "vpc_security_group_ids": [
              "sg-0587c8d264643700f"
            ]
          },
          "sensitive_attributes": [],
          "private": "eyJlMmJmYjczMC1lY2FhLTExZTYtOGY4OC0zNDM2M2JjN2M0YzAiOnsiY3JlYXRlIjo2MDAwMDAwMDAwMDAsImRlbGV0ZSI6MTIwMDAwMDAwMDAwMCwidXBkYXRlIjo2MDAwMDAwMDAwMDB9LCJzY2hlbWFfdmVyc2lvbiI6IjEifQ==",
          "dependencies": [
            "aws_key_pair.deployer",
            "aws_network_interface.network-interface",
            "aws_security_group.allow_ssh",
            "aws_subnet.public",
            "aws_vpc.main",
            "data.aws_ami.ubuntu",
            "tls_private_key.pk"
          ]
        }
      ]
    },
    {
      "mode": "managed",
      "type": "aws_internet_gateway",
      "name": "ig",
      "provider": "provider[\"registry.terraform.io/hashicorp/aws\"]",
      "instances": [
        {
          "schema_version": 0,
          "attributes": {
            "arn": "arn:aws:ec2:us-east-1:654654556718:internet-gateway/igw-03a00e115874821c5",
            "id": "igw-03a00e115874821c5",
            "owner_id": "654654556718",
            "tags": {
              "Name": "main-igw"
            },
            "tags_all": {
              "Name": "main-igw"
            },
            "timeouts": null,
            "vpc_id": "vpc-03aa16e1498356c3e"
          },
          "sensitive_attributes": [],
          "private": "eyJlMmJmYjczMC1lY2FhLTExZTYtOGY4OC0zNDM2M2JjN2M0YzAiOnsiY3JlYXRlIjoxMjAwMDAwMDAwMDAwLCJkZWxldGUiOjEyMDAwMDAwMDAwMDAsInVwZGF0ZSI6MTIwMDAwMDAwMDAwMH19",
          "dependencies": [
            "aws_vpc.main"
          ]
        }
      ]
    },
    {
      "mode": "managed",
      "type": "aws_key_pair",
      "name": "deployer",
      "provider": "provider[\"registry.terraform.io/hashicorp/aws\"]",
      "instances": [
        {
          "schema_version": 1,
          "attributes": {
            "arn": "arn:aws:ec2:us-east-1:654654556718:key-pair/deployer-key",
            "fingerprint": "ef:c5:ac:11:4b:00:b4:e7:93:e1:bf:ee:f1:1c:60:bf",
            "id": "deployer-key",
            "key_name": "deployer-key",
            "key_name_prefix": "",
            "key_pair_id": "key-04f50d7d68cb4fcb4",
            "key_type": "rsa",
            "public_key": "ssh-rsa AAAAB3NzaC1yc2EAAAADAQABAAACAQC3lxpmi03rI6gWB5V9q5XG37HSLGZzHsBOhXrVByTBlzOA3+7zykw8TjZe+GF8sJmILVo+urL8EO7xSCOldXeS+41FZWq2Fx3CCx0t8Z7S0g6uds0lqwDN19EJN0zpYshrOyR4vhLZGCl830E6U1qRf+hSnopjOifQWFiJ6foXADUPvZJMcPbBVAxcA6IHfIJ1OvrDeqpAskpVh1J2HMsnxM1p+Tvfc22w0CuzOIWwKbpAH6kqDOzYJW1E9j7/tC1/1xZnizQjlYXizq33QthBuvW9uL77A//aK3+Bx0Txz97K6+3wyDPCpvMzJG0j5LpUBqpW+nZ0jOCvBrN7zQICCTFASSNzv7pqyZdbutnw7Sj/NyXEPn0/6fwFV1SBsyrlunQgTx0+oTEOnN+MDZaGRe2w0ACaU7Q64YsyKJdn9zUNMqWnf5EW5Cnt3F5FwNz2l8bY5boCtkXr2ProohPZbE7Zz2JCrRZxnQlcGhCjG1Awm8RSXGRe5ceMcQuLav3q0BQntpkkdJ1RKOdPvQIZuHoEhUDsGNkxBV8UCPFDhNgAr3hlJ9Qr6Pqn8jWHbbCvGOwtjiDO5wfynl4OqckerpzagcIzJXlmtKaIV10y3JkR8pv3cR16tKxyPNvjVeUa9sz7ChcByrnkk3iugrxYi+PvJtBNQwP6iaBEDdr3SQ==",
            "tags": null,
            "tags_all": {}
          },
          "sensitive_attributes": [],
          "private": "eyJzY2hlbWFfdmVyc2lvbiI6IjEifQ==",
          "dependencies": [
            "tls_private_key.pk"
          ]
        }
      ]
    },
    {
      "mode": "managed",
      "type": "aws_network_interface",
      "name": "network-interface",
      "provider": "provider[\"registry.terraform.io/hashicorp/aws\"]",
      "instances": [
        {
          "schema_version": 0,
          "attributes": {
            "arn": "arn:aws:ec2:us-east-1:654654556718:network-interface/eni-07acbd93416216326",
            "attachment": [
              {
                "attachment_id": "eni-attach-0b76a4d44a0509dd4",
                "device_index": 0,
                "instance": "i-01490cf4f6cc63198"
              }
            ],
            "description": "",
            "id": "eni-07acbd93416216326",
            "interface_type": "interface",
            "ipv4_prefix_count": 0,
            "ipv4_prefixes": [],
            "ipv6_address_count": 0,
            "ipv6_address_list": [],
            "ipv6_address_list_enabled": false,
            "ipv6_addresses": [],
            "ipv6_prefix_count": 0,
            "ipv6_prefixes": [],
            "mac_address": "0a:ff:ee:5f:da:57",
            "outpost_arn": "",
            "owner_id": "654654556718",
            "private_dns_name": "",
            "private_ip": "10.0.1.100",
            "private_ip_list": [
              "10.0.1.100"
            ],
            "private_ip_list_enabled": false,
            "private_ips": [
              "10.0.1.100"
            ],
            "private_ips_count": 0,
            "security_groups": [
              "sg-0587c8d264643700f"
            ],
            "source_dest_check": true,
            "subnet_id": "subnet-029dfbab2968d7f87",
            "tags": {
              "Name": "primary_network_interface"
            },
            "tags_all": {
              "Name": "primary_network_interface"
            }
          },
          "sensitive_attributes": [],
          "private": "bnVsbA==",
          "dependencies": [
            "aws_security_group.allow_ssh",
            "aws_subnet.public",
            "aws_vpc.main"
          ]
        }
      ]
    },
    {
      "mode": "managed",
      "type": "aws_network_interface",
      "name": "network-interface_2",
      "provider": "provider[\"registry.terraform.io/hashicorp/aws\"]",
      "instances": [
        {
          "schema_version": 0,
          "attributes": {
            "arn": "arn:aws:ec2:us-east-1:654654556718:network-interface/eni-0f64593a333c5bf69",
            "attachment": [
              {
                "attachment_id": "eni-attach-0e2d63e0cae4b15d5",
                "device_index": 0,
                "instance": "i-040bb03bfb4eeb01d"
              }
            ],
            "description": "",
            "id": "eni-0f64593a333c5bf69",
            "interface_type": "interface",
            "ipv4_prefix_count": 0,
            "ipv4_prefixes": [],
            "ipv6_address_count": 0,
            "ipv6_address_list": [],
            "ipv6_address_list_enabled": false,
            "ipv6_addresses": [],
            "ipv6_prefix_count": 0,
            "ipv6_prefixes": [],
            "mac_address": "0a:ff:e2:c4:2f:7b",
            "outpost_arn": "",
            "owner_id": "654654556718",
            "private_dns_name": "",
            "private_ip": "10.0.1.101",
            "private_ip_list": [
              "10.0.1.101"
            ],
            "private_ip_list_enabled": false,
            "private_ips": [
              "10.0.1.101"
            ],
            "private_ips_count": 0,
            "security_groups": [
              "sg-0587c8d264643700f"
            ],
            "source_dest_check": true,
            "subnet_id": "subnet-029dfbab2968d7f87",
            "tags": {
              "Name": "primary_network_interface"
            },
            "tags_all": {
              "Name": "primary_network_interface"
            }
          },
          "sensitive_attributes": [],
          "private": "bnVsbA==",
          "dependencies": [
            "aws_security_group.allow_ssh",
            "aws_subnet.public",
            "aws_vpc.main"
          ]
        }
      ]
    },
    {
      "mode": "managed",
      "type": "aws_route",
      "name": "r",
      "provider": "provider[\"registry.terraform.io/hashicorp/aws\"]",
      "instances": [
        {
          "schema_version": 0,
          "attributes": {
            "carrier_gateway_id": "",
            "core_network_arn": "",
            "destination_cidr_block": "0.0.0.0/0",
            "destination_ipv6_cidr_block": "",
            "destination_prefix_list_id": "",
            "egress_only_gateway_id": "",
            "gateway_id": "igw-03a00e115874821c5",
            "id": "r-rtb-09a8688510c90c0d61080289494",
            "instance_id": "",
            "instance_owner_id": "",
            "local_gateway_id": "",
            "nat_gateway_id": "",
            "network_interface_id": "",
            "origin": "CreateRoute",
            "route_table_id": "rtb-09a8688510c90c0d6",
            "state": "active",
            "timeouts": null,
            "transit_gateway_id": "",
            "vpc_endpoint_id": "",
            "vpc_peering_connection_id": ""
          },
          "sensitive_attributes": [],
          "private": "eyJlMmJmYjczMC1lY2FhLTExZTYtOGY4OC0zNDM2M2JjN2M0YzAiOnsiY3JlYXRlIjozMDAwMDAwMDAwMDAsImRlbGV0ZSI6MzAwMDAwMDAwMDAwLCJ1cGRhdGUiOjEyMDAwMDAwMDAwMH19",
          "dependencies": [
            "aws_internet_gateway.ig",
            "aws_route_table.public-subnet-route-table",
            "aws_vpc.main"
          ]
        }
      ]
    },
    {
      "mode": "managed",
      "type": "aws_route_table",
      "name": "public-subnet-route-table",
      "provider": "provider[\"registry.terraform.io/hashicorp/aws\"]",
      "instances": [
        {
          "schema_version": 0,
          "attributes": {
            "arn": "arn:aws:ec2:us-east-1:654654556718:route-table/rtb-09a8688510c90c0d6",
            "id": "rtb-09a8688510c90c0d6",
            "owner_id": "654654556718",
            "propagating_vgws": [],
            "route": [
              {
                "carrier_gateway_id": "",
                "cidr_block": "0.0.0.0/0",
                "core_network_arn": "",
                "destination_prefix_list_id": "",
                "egress_only_gateway_id": "",
                "gateway_id": "igw-03a00e115874821c5",
                "instance_id": "",
                "ipv6_cidr_block": "",
                "local_gateway_id": "",
                "nat_gateway_id": "",
                "network_interface_id": "",
                "transit_gateway_id": "",
                "vpc_endpoint_id": "",
                "vpc_peering_connection_id": ""
              }
            ],
            "tags": {
              "Name": "public-subnet-route-table"
            },
            "tags_all": {
              "Name": "public-subnet-route-table"
            },
            "timeouts": null,
            "vpc_id": "vpc-03aa16e1498356c3e"
          },
          "sensitive_attributes": [],
          "private": "eyJlMmJmYjczMC1lY2FhLTExZTYtOGY4OC0zNDM2M2JjN2M0YzAiOnsiY3JlYXRlIjozMDAwMDAwMDAwMDAsImRlbGV0ZSI6MzAwMDAwMDAwMDAwLCJ1cGRhdGUiOjEyMDAwMDAwMDAwMH19",
          "dependencies": [
            "aws_internet_gateway.ig",
            "aws_vpc.main"
          ]
        }
      ]
    },
    {
      "mode": "managed",
      "type": "aws_route_table_association",
      "name": "a",
      "provider": "provider[\"registry.terraform.io/hashicorp/aws\"]",
      "instances": [
        {
          "schema_version": 0,
          "attributes": {
            "gateway_id": "",
            "id": "rtbassoc-08f65173e0b1cadd3",
            "route_table_id": "rtb-09a8688510c90c0d6",
            "subnet_id": "subnet-029dfbab2968d7f87",
            "timeouts": null
          },
          "sensitive_attributes": [],
          "private": "eyJlMmJmYjczMC1lY2FhLTExZTYtOGY4OC0zNDM2M2JjN2M0YzAiOnsiY3JlYXRlIjozMDAwMDAwMDAwMDAsImRlbGV0ZSI6MzAwMDAwMDAwMDAwLCJ1cGRhdGUiOjEyMDAwMDAwMDAwMH19",
          "dependencies": [
            "aws_internet_gateway.ig",
            "aws_route_table.public-subnet-route-table",
            "aws_subnet.public",
            "aws_vpc.main"
          ]
        }
      ]
    },
    {
      "mode": "managed",
      "type": "aws_security_group",
      "name": "allow_ssh",
      "provider": "provider[\"registry.terraform.io/hashicorp/aws\"]",
      "instances": [
        {
          "schema_version": 1,
          "attributes": {
            "arn": "arn:aws:ec2:us-east-1:654654556718:security-group/sg-0587c8d264643700f",
            "description": "Allow ssh inbound traffic",
            "egress": [],
            "id": "sg-0587c8d264643700f",
            "ingress": [
              {
                "cidr_blocks": [
                  "0.0.0.0/0"
                ],
                "description": "ssh from vpc",
                "from_port": 22,
                "ipv6_cidr_blocks": [],
                "prefix_list_ids": [],
                "protocol": "tcp",
                "security_groups": [],
                "self": false,
                "to_port": 22
              }
            ],
            "name": "allow_ssh",
            "name_prefix": "",
            "owner_id": "654654556718",
            "revoke_rules_on_delete": false,
            "tags": {},
            "tags_all": {},
            "timeouts": null,
            "vpc_id": "vpc-03aa16e1498356c3e"
          },
          "sensitive_attributes": [],
          "private": "eyJlMmJmYjczMC1lY2FhLTExZTYtOGY4OC0zNDM2M2JjN2M0YzAiOnsiY3JlYXRlIjo2MDAwMDAwMDAwMDAsImRlbGV0ZSI6OTAwMDAwMDAwMDAwfSwic2NoZW1hX3ZlcnNpb24iOiIxIn0=",
          "dependencies": [
            "aws_vpc.main"
          ]
        }
      ]
    },
    {
      "mode": "managed",
      "type": "aws_subnet",
      "name": "private",
      "provider": "provider[\"registry.terraform.io/hashicorp/aws\"]",
      "instances": [
        {
          "schema_version": 1,
          "attributes": {
            "arn": "arn:aws:ec2:us-east-1:654654556718:subnet/subnet-0efb9f0e354960b14",
            "assign_ipv6_address_on_creation": false,
            "availability_zone": "us-east-1b",
            "availability_zone_id": "use1-az6",
            "cidr_block": "10.0.2.0/24",
            "customer_owned_ipv4_pool": "",
            "enable_dns64": false,
            "enable_lni_at_device_index": 0,
            "enable_resource_name_dns_a_record_on_launch": false,
            "enable_resource_name_dns_aaaa_record_on_launch": false,
            "id": "subnet-0efb9f0e354960b14",
            "ipv6_cidr_block": "",
            "ipv6_cidr_block_association_id": "",
            "ipv6_native": false,
            "map_customer_owned_ip_on_launch": false,
            "map_public_ip_on_launch": false,
            "outpost_arn": "",
            "owner_id": "654654556718",
            "private_dns_hostname_type_on_launch": "ip-name",
            "tags": {
              "Name": "private-subnet"
            },
            "tags_all": {
              "Name": "private-subnet"
            },
            "timeouts": null,
            "vpc_id": "vpc-03aa16e1498356c3e"
          },
          "sensitive_attributes": [],
          "private": "eyJlMmJmYjczMC1lY2FhLTExZTYtOGY4OC0zNDM2M2JjN2M0YzAiOnsiY3JlYXRlIjo2MDAwMDAwMDAwMDAsImRlbGV0ZSI6MTIwMDAwMDAwMDAwMH0sInNjaGVtYV92ZXJzaW9uIjoiMSJ9",
          "dependencies": [
            "aws_vpc.main"
          ]
        }
      ]
    },
    {
      "mode": "managed",
      "type": "aws_subnet",
      "name": "public",
      "provider": "provider[\"registry.terraform.io/hashicorp/aws\"]",
      "instances": [
        {
          "schema_version": 1,
          "attributes": {
            "arn": "arn:aws:ec2:us-east-1:654654556718:subnet/subnet-029dfbab2968d7f87",
            "assign_ipv6_address_on_creation": false,
            "availability_zone": "us-east-1a",
            "availability_zone_id": "use1-az4",
            "cidr_block": "10.0.1.0/24",
            "customer_owned_ipv4_pool": "",
            "enable_dns64": false,
            "enable_lni_at_device_index": 0,
            "enable_resource_name_dns_a_record_on_launch": false,
            "enable_resource_name_dns_aaaa_record_on_launch": false,
            "id": "subnet-029dfbab2968d7f87",
            "ipv6_cidr_block": "",
            "ipv6_cidr_block_association_id": "",
            "ipv6_native": false,
            "map_customer_owned_ip_on_launch": false,
            "map_public_ip_on_launch": false,
            "outpost_arn": "",
            "owner_id": "654654556718",
            "private_dns_hostname_type_on_launch": "ip-name",
            "tags": {
              "Name": "public-subnet"
            },
            "tags_all": {
              "Name": "public-subnet"
            },
            "timeouts": null,
            "vpc_id": "vpc-03aa16e1498356c3e"
          },
          "sensitive_attributes": [],
          "private": "eyJlMmJmYjczMC1lY2FhLTExZTYtOGY4OC0zNDM2M2JjN2M0YzAiOnsiY3JlYXRlIjo2MDAwMDAwMDAwMDAsImRlbGV0ZSI6MTIwMDAwMDAwMDAwMH0sInNjaGVtYV92ZXJzaW9uIjoiMSJ9",
          "dependencies": [
            "aws_vpc.main"
          ]
        }
      ]
    },
    {
      "mode": "managed",
      "type": "aws_vpc",
      "name": "main",
      "provider": "provider[\"registry.terraform.io/hashicorp/aws\"]",
      "instances": [
        {
          "schema_version": 1,
          "attributes": {
            "arn": "arn:aws:ec2:us-east-1:654654556718:vpc/vpc-03aa16e1498356c3e",
            "assign_generated_ipv6_cidr_block": false,
            "cidr_block": "10.0.0.0/16",
            "default_network_acl_id": "acl-0592dee8af87c7150",
            "default_route_table_id": "rtb-0e4ea826c9ca0aa10",
            "default_security_group_id": "sg-009475481da0c8b97",
            "dhcp_options_id": "dopt-03ce2fdc5df24ef49",
            "enable_classiclink": false,
            "enable_classiclink_dns_support": false,
            "enable_dns_hostnames": false,
            "enable_dns_support": true,
            "enable_network_address_usage_metrics": false,
            "id": "vpc-03aa16e1498356c3e",
            "instance_tenancy": "default",
            "ipv4_ipam_pool_id": null,
            "ipv4_netmask_length": null,
            "ipv6_association_id": "",
            "ipv6_cidr_block": "",
            "ipv6_cidr_block_network_border_group": "",
            "ipv6_ipam_pool_id": "",
            "ipv6_netmask_length": 0,
            "main_route_table_id": "rtb-0e4ea826c9ca0aa10",
            "owner_id": "654654556718",
            "tags": {
              "Name": "main-vpc"
            },
            "tags_all": {
              "Name": "main-vpc"
            }
          },
          "sensitive_attributes": [],
          "private": "eyJzY2hlbWFfdmVyc2lvbiI6IjEifQ=="
        }
      ]
    },
    {
      "mode": "managed",
      "type": "local_file",
      "name": "ssh_key",
      "provider": "provider[\"registry.terraform.io/hashicorp/local\"]",
      "instances": [
        {
          "schema_version": 0,
          "attributes": {
            "content": "-----BEGIN OPENSSH PRIVATE KEY-----\nb3BlbnNzaC1rZXktdjEAAAAABG5vbmUAAAAEbm9uZQAAAAAAAAABAAACFwAAAAdz\nc2gtcnNhAAAAAwEAAQAAAgEAt5caZotN6yOoFgeVfauVxt+x0ixmcx7AToV61Qck\nwZczgN/u88pMPE42XvhhfLCZiC1aPrqy/BDu8UgjpXV3kvuNRWVqthcdwgsdLfGe\n0tIOrnbNJasAzdfRCTdM6WLIazskeL4S2RgpfN9BOlNakX/oUp6KYzon0FhYien6\nFwA1D72STHD2wVQMXAOiB3yCdTr6w3qqQLJKVYdSdhzLJ8TNafk733NtsNArsziF\nsCm6QB+pKgzs2CVtRPY+/7Qtf9cWZ4s0I5WF4s6t90LYQbr1vbi++wP/2it/gcdE\n8c/eyuvt8MgzwqbzMyRtI+S6VAaqVvp2dIzgrwaze80CAgkxQEkjc7+6asmXW7rZ\n8O0o/zclxD59P+n8BVdUgbMq5bp0IE8dPqExDpzfjA2WhkXtsNAAmlO0OuGLMiiX\nZ/c1DTKlp3+RFuQp7dxeRcDc9pfG2OW6ArZF69j66KIT2WxO2c9iQq0WcZ0JXBoQ\noxtQMJvEUlxkXuXHjHELi2r96tAUJ7aZJHSdUSjnT70CGbh6BIVA7BjZMQVfFAjx\nQ4TYAK94ZSfUK+j6p/I1h22wrxjsLY4gzucH8p5eDqnJHq6c2oHCMyV5ZrSmiFdd\nMtyZEfKb93EderSscjzb41XlGvbM+woXAcq55JN4roK8WIvj7ybQTUMD+omgRA3a\n90kAAAc4mCeucJgnrnAAAAAHc3NoLXJzYQAAAgEAt5caZotN6yOoFgeVfauVxt+x\n0ixmcx7AToV61QckwZczgN/u88pMPE42XvhhfLCZiC1aPrqy/BDu8UgjpXV3kvuN\nRWVqthcdwgsdLfGe0tIOrnbNJasAzdfRCTdM6WLIazskeL4S2RgpfN9BOlNakX/o\nUp6KYzon0FhYien6FwA1D72STHD2wVQMXAOiB3yCdTr6w3qqQLJKVYdSdhzLJ8TN\nafk733NtsNArsziFsCm6QB+pKgzs2CVtRPY+/7Qtf9cWZ4s0I5WF4s6t90LYQbr1\nvbi++wP/2it/gcdE8c/eyuvt8MgzwqbzMyRtI+S6VAaqVvp2dIzgrwaze80CAgkx\nQEkjc7+6asmXW7rZ8O0o/zclxD59P+n8BVdUgbMq5bp0IE8dPqExDpzfjA2WhkXt\nsNAAmlO0OuGLMiiXZ/c1DTKlp3+RFuQp7dxeRcDc9pfG2OW6ArZF69j66KIT2WxO\n2c9iQq0WcZ0JXBoQoxtQMJvEUlxkXuXHjHELi2r96tAUJ7aZJHSdUSjnT70CGbh6\nBIVA7BjZMQVfFAjxQ4TYAK94ZSfUK+j6p/I1h22wrxjsLY4gzucH8p5eDqnJHq6c\n2oHCMyV5ZrSmiFddMtyZEfKb93EderSscjzb41XlGvbM+woXAcq55JN4roK8WIvj\n7ybQTUMD+omgRA3a90kAAAADAQABAAACAQCzkUrUQ6rJs82DBpX0HjDYHRHLVXw7\nWzeTVcFHvb340BAjHGSW9SZN0d4iU+TeVclFxb5AHtJT86gSPZIIEvYKwJpz5vdR\n9Rg5JC+9MVg8MhMEF9Ud471cmJuv3PQQTntjTqykoJzE1Ho31hHxn3e1Wpr8vG71\nEPvCL7ch5cWkW6KKq8v9knv3qmKQWUlQ8zqSuUZujnsZ3okQUNSaDB203yxfW9Rx\nAXCngWVM3Zr9LEMs1wrZw1yhKTJQQl5qMmxSXyldy20K5QPYTHkhoLLuz5PuplW+\nJTJJzUPgxuwrbDso1UyctuTRngO/4QATHHQXHZHckwvrgaN97hr9mw47EOPj07Rs\na7qXq+c1rZcgjXBF+29jWPAufgPTsdsusQ1Hvw7oKboGGRE8blvL5PNZ1VolbZhh\nO2WODsrisxAU5XJZqVoy1ei1/9laFyC7dNxchsyGjdWER8oqnjHyOxmDf4mJULAC\nRRQkWpXS9Yl+jHX0NIs5bvTGtftlV7yIKFnFtrGUZozlVnbEDhTV+bfPSniJLaqt\nI+CgyqIYZZABHH4YriMWCReoFDlQrJTAaKwMPuinvLc9BpSwitL22+Dp16ieZETj\n6Glb3GKlzTxfH3u9Oo0Tp/UPh1Yw82psS32uTTU+2IeeNrtq+maaeroV/eB4mvaI\nXRFu+UAdjkONZQAAAQEAkKeOMjjwcLoGfO46FNqHlkkLx3SC466+qRY3ua8YYIfW\nn3bLUx7Li3B53G2q4kSNv+QlrtkxM/N39xGUnEWiUbSFxZiIwoZ2L1aHTLqmk0Fs\nCAyxECt1P+JSI4IJZQ2K2Nva42sJY+XJntIQegiN82lUUp+d3oPQHNlzhZAIFIyC\nuMHMdJ27mKfyhaC4yqbWUBdPqItEPcu6D+dnBiV/HgGK2bLLsfBDSeUslJLrYMUw\nIzvS0P7zazHGkuGsNDcedpNsIe05F/a+FFtKkDFgKhVXobSgH7VWxk+oVpDHNhbv\nOZx25LzEl86ROuTeF2vklFcEIyjqOiIvJOJZ9LswVAAAAQEA5E29RWs78gZEhukA\nPVUN2SS95MyFGlgDQ+MEaJ6/ovp2ckOkCpjtaDX7AlZcawIuOe7m9KlwHUPLUaa9\nkfzOnre7PbRE4xqXiPuyRMe9eBB+14BpKGQd6aIhvTsvE7U4ZlNS2LbDjmQ3tX13\nOzpn6T5Sp7pO7wvx59jRlXJCoALViuAIo3q0XN6/YQU9+ws2YPinkc7CkvrF4eFO\nSqgy+kxx6R4K5pG1FTSRiQNy4Qj/HLnsgInf6krbyhD2rRLO/0eSk2i3kAnk4Wn2\nnEJY4YHDJFEU7/x2uvt3174I5pjB9CTvFzeZ+oVsbTqcOrWbUKnl29e9qNpULPM0\nfJt+nwAAAQEAzdy7SpUwUp4uuaJDHA2+EwbhnzKnBRu67cJhqkItovQlin+GF/Zh\nyLl+fA8fJ3LkwgtHFY6woSG10FbD2vwgESMcLcotpnwhA8sImD5il+44kO8DVlRt\nd2qgReFTeyUfEXjl33UN/XaG1AM4M5XVH/XaQMzdsKFhRHPsI7alfLFPriceFnTZ\nlbeaNUZe8AphmfgY3JIUojiT2nR7pEC9Mt/qeBv+iPKeE+k2Z6Pvxxvkc1UrHkNs\nIGIuHlWT3Dx/Ir7CIXKhXvLQmAcrNYn6isHCjtjwlQG5FHhdxZAbKjoyecMkyVML\nRyaVm40PKjoinIwZ0i9cdN3KFj8u2DEJFwAAAAAB\n-----END OPENSSH PRIVATE KEY-----\n",
            "content_base64": null,
            "content_base64sha256": "fZp1zOnqk9BHPWvhnzyFFRQ/j0BduQXdJeo2J2nkuHU=",
            "content_base64sha512": "2nKR7Me67pmVogaDsC9e50IJtFxujCNWRJzCwbeSIhotx3q/X4Ze+GzzSIkTh1ILm22syt+x8wqQ3v8XDWZuxg==",
            "content_md5": "901827bdd02d3bc236f1a176fa64ed29",
            "content_sha1": "c9b765822560f291017a84358fa4cba68eed35cd",
            "content_sha256": "7d9a75cce9ea93d0473d6be19f3c8515143f8f405db905dd25ea362769e4b875",
            "content_sha512": "da7291ecc7baee9995a20683b02f5ee74209b45c6e8c2356449cc2c1b792221a2dc77abf5f865ef86cf348891387520b9b6daccadfb1f30a90deff170d666ec6",
            "directory_permission": "0777",
            "file_permission": "0777",
            "filename": "deployer-key.pem",
            "id": "c9b765822560f291017a84358fa4cba68eed35cd",
            "sensitive_content": null,
            "source": null
          },
          "sensitive_attributes": [
            [
              {
                "type": "get_attr",
                "value": "content"
              }
            ],
            [
              {
                "type": "get_attr",
                "value": "sensitive_content"
              }
            ]
          ],
          "dependencies": [
            "aws_key_pair.deployer",
            "tls_private_key.pk"
          ]
        }
      ]
    },
    {
      "mode": "managed",
      "type": "tls_private_key",
      "name": "pk",
      "provider": "provider[\"registry.terraform.io/hashicorp/tls\"]",
      "instances": [
        {
          "schema_version": 1,
          "attributes": {
            "algorithm": "RSA",
            "ecdsa_curve": "P224",
            "id": "bdd481d8a8b0382adc5c4e925c7a991ffd19a6d2",
            "private_key_openssh": "-----BEGIN OPENSSH PRIVATE KEY-----\nb3BlbnNzaC1rZXktdjEAAAAABG5vbmUAAAAEbm9uZQAAAAAAAAABAAACFwAAAAdz\nc2gtcnNhAAAAAwEAAQAAAgEAt5caZotN6yOoFgeVfauVxt+x0ixmcx7AToV61Qck\nwZczgN/u88pMPE42XvhhfLCZiC1aPrqy/BDu8UgjpXV3kvuNRWVqthcdwgsdLfGe\n0tIOrnbNJasAzdfRCTdM6WLIazskeL4S2RgpfN9BOlNakX/oUp6KYzon0FhYien6\nFwA1D72STHD2wVQMXAOiB3yCdTr6w3qqQLJKVYdSdhzLJ8TNafk733NtsNArsziF\nsCm6QB+pKgzs2CVtRPY+/7Qtf9cWZ4s0I5WF4s6t90LYQbr1vbi++wP/2it/gcdE\n8c/eyuvt8MgzwqbzMyRtI+S6VAaqVvp2dIzgrwaze80CAgkxQEkjc7+6asmXW7rZ\n8O0o/zclxD59P+n8BVdUgbMq5bp0IE8dPqExDpzfjA2WhkXtsNAAmlO0OuGLMiiX\nZ/c1DTKlp3+RFuQp7dxeRcDc9pfG2OW6ArZF69j66KIT2WxO2c9iQq0WcZ0JXBoQ\noxtQMJvEUlxkXuXHjHELi2r96tAUJ7aZJHSdUSjnT70CGbh6BIVA7BjZMQVfFAjx\nQ4TYAK94ZSfUK+j6p/I1h22wrxjsLY4gzucH8p5eDqnJHq6c2oHCMyV5ZrSmiFdd\nMtyZEfKb93EderSscjzb41XlGvbM+woXAcq55JN4roK8WIvj7ybQTUMD+omgRA3a\n90kAAAc4mCeucJgnrnAAAAAHc3NoLXJzYQAAAgEAt5caZotN6yOoFgeVfauVxt+x\n0ixmcx7AToV61QckwZczgN/u88pMPE42XvhhfLCZiC1aPrqy/BDu8UgjpXV3kvuN\nRWVqthcdwgsdLfGe0tIOrnbNJasAzdfRCTdM6WLIazskeL4S2RgpfN9BOlNakX/o\nUp6KYzon0FhYien6FwA1D72STHD2wVQMXAOiB3yCdTr6w3qqQLJKVYdSdhzLJ8TN\nafk733NtsNArsziFsCm6QB+pKgzs2CVtRPY+/7Qtf9cWZ4s0I5WF4s6t90LYQbr1\nvbi++wP/2it/gcdE8c/eyuvt8MgzwqbzMyRtI+S6VAaqVvp2dIzgrwaze80CAgkx\nQEkjc7+6asmXW7rZ8O0o/zclxD59P+n8BVdUgbMq5bp0IE8dPqExDpzfjA2WhkXt\nsNAAmlO0OuGLMiiXZ/c1DTKlp3+RFuQp7dxeRcDc9pfG2OW6ArZF69j66KIT2WxO\n2c9iQq0WcZ0JXBoQoxtQMJvEUlxkXuXHjHELi2r96tAUJ7aZJHSdUSjnT70CGbh6\nBIVA7BjZMQVfFAjxQ4TYAK94ZSfUK+j6p/I1h22wrxjsLY4gzucH8p5eDqnJHq6c\n2oHCMyV5ZrSmiFddMtyZEfKb93EderSscjzb41XlGvbM+woXAcq55JN4roK8WIvj\n7ybQTUMD+omgRA3a90kAAAADAQABAAACAQCzkUrUQ6rJs82DBpX0HjDYHRHLVXw7\nWzeTVcFHvb340BAjHGSW9SZN0d4iU+TeVclFxb5AHtJT86gSPZIIEvYKwJpz5vdR\n9Rg5JC+9MVg8MhMEF9Ud471cmJuv3PQQTntjTqykoJzE1Ho31hHxn3e1Wpr8vG71\nEPvCL7ch5cWkW6KKq8v9knv3qmKQWUlQ8zqSuUZujnsZ3okQUNSaDB203yxfW9Rx\nAXCngWVM3Zr9LEMs1wrZw1yhKTJQQl5qMmxSXyldy20K5QPYTHkhoLLuz5PuplW+\nJTJJzUPgxuwrbDso1UyctuTRngO/4QATHHQXHZHckwvrgaN97hr9mw47EOPj07Rs\na7qXq+c1rZcgjXBF+29jWPAufgPTsdsusQ1Hvw7oKboGGRE8blvL5PNZ1VolbZhh\nO2WODsrisxAU5XJZqVoy1ei1/9laFyC7dNxchsyGjdWER8oqnjHyOxmDf4mJULAC\nRRQkWpXS9Yl+jHX0NIs5bvTGtftlV7yIKFnFtrGUZozlVnbEDhTV+bfPSniJLaqt\nI+CgyqIYZZABHH4YriMWCReoFDlQrJTAaKwMPuinvLc9BpSwitL22+Dp16ieZETj\n6Glb3GKlzTxfH3u9Oo0Tp/UPh1Yw82psS32uTTU+2IeeNrtq+maaeroV/eB4mvaI\nXRFu+UAdjkONZQAAAQEAkKeOMjjwcLoGfO46FNqHlkkLx3SC466+qRY3ua8YYIfW\nn3bLUx7Li3B53G2q4kSNv+QlrtkxM/N39xGUnEWiUbSFxZiIwoZ2L1aHTLqmk0Fs\nCAyxECt1P+JSI4IJZQ2K2Nva42sJY+XJntIQegiN82lUUp+d3oPQHNlzhZAIFIyC\nuMHMdJ27mKfyhaC4yqbWUBdPqItEPcu6D+dnBiV/HgGK2bLLsfBDSeUslJLrYMUw\nIzvS0P7zazHGkuGsNDcedpNsIe05F/a+FFtKkDFgKhVXobSgH7VWxk+oVpDHNhbv\nOZx25LzEl86ROuTeF2vklFcEIyjqOiIvJOJZ9LswVAAAAQEA5E29RWs78gZEhukA\nPVUN2SS95MyFGlgDQ+MEaJ6/ovp2ckOkCpjtaDX7AlZcawIuOe7m9KlwHUPLUaa9\nkfzOnre7PbRE4xqXiPuyRMe9eBB+14BpKGQd6aIhvTsvE7U4ZlNS2LbDjmQ3tX13\nOzpn6T5Sp7pO7wvx59jRlXJCoALViuAIo3q0XN6/YQU9+ws2YPinkc7CkvrF4eFO\nSqgy+kxx6R4K5pG1FTSRiQNy4Qj/HLnsgInf6krbyhD2rRLO/0eSk2i3kAnk4Wn2\nnEJY4YHDJFEU7/x2uvt3174I5pjB9CTvFzeZ+oVsbTqcOrWbUKnl29e9qNpULPM0\nfJt+nwAAAQEAzdy7SpUwUp4uuaJDHA2+EwbhnzKnBRu67cJhqkItovQlin+GF/Zh\nyLl+fA8fJ3LkwgtHFY6woSG10FbD2vwgESMcLcotpnwhA8sImD5il+44kO8DVlRt\nd2qgReFTeyUfEXjl33UN/XaG1AM4M5XVH/XaQMzdsKFhRHPsI7alfLFPriceFnTZ\nlbeaNUZe8AphmfgY3JIUojiT2nR7pEC9Mt/qeBv+iPKeE+k2Z6Pvxxvkc1UrHkNs\nIGIuHlWT3Dx/Ir7CIXKhXvLQmAcrNYn6isHCjtjwlQG5FHhdxZAbKjoyecMkyVML\nRyaVm40PKjoinIwZ0i9cdN3KFj8u2DEJFwAAAAAB\n-----END OPENSSH PRIVATE KEY-----\n",
            "private_key_pem": "-----BEGIN RSA PRIVATE KEY-----\nMIIJKwIBAAKCAgEAt5caZotN6yOoFgeVfauVxt+x0ixmcx7AToV61QckwZczgN/u\n88pMPE42XvhhfLCZiC1aPrqy/BDu8UgjpXV3kvuNRWVqthcdwgsdLfGe0tIOrnbN\nJasAzdfRCTdM6WLIazskeL4S2RgpfN9BOlNakX/oUp6KYzon0FhYien6FwA1D72S\nTHD2wVQMXAOiB3yCdTr6w3qqQLJKVYdSdhzLJ8TNafk733NtsNArsziFsCm6QB+p\nKgzs2CVtRPY+/7Qtf9cWZ4s0I5WF4s6t90LYQbr1vbi++wP/2it/gcdE8c/eyuvt\n8MgzwqbzMyRtI+S6VAaqVvp2dIzgrwaze80CAgkxQEkjc7+6asmXW7rZ8O0o/zcl\nxD59P+n8BVdUgbMq5bp0IE8dPqExDpzfjA2WhkXtsNAAmlO0OuGLMiiXZ/c1DTKl\np3+RFuQp7dxeRcDc9pfG2OW6ArZF69j66KIT2WxO2c9iQq0WcZ0JXBoQoxtQMJvE\nUlxkXuXHjHELi2r96tAUJ7aZJHSdUSjnT70CGbh6BIVA7BjZMQVfFAjxQ4TYAK94\nZSfUK+j6p/I1h22wrxjsLY4gzucH8p5eDqnJHq6c2oHCMyV5ZrSmiFddMtyZEfKb\n93EderSscjzb41XlGvbM+woXAcq55JN4roK8WIvj7ybQTUMD+omgRA3a90kCAwEA\nAQKCAgEAs5FK1EOqybPNgwaV9B4w2B0Ry1V8O1s3k1XBR729+NAQIxxklvUmTdHe\nIlPk3lXJRcW+QB7SU/OoEj2SCBL2CsCac+b3UfUYOSQvvTFYPDITBBfVHeO9XJib\nr9z0EE57Y06spKCcxNR6N9YR8Z93tVqa/Lxu9RD7wi+3IeXFpFuiiqvL/ZJ796pi\nkFlJUPM6krlGbo57Gd6JEFDUmgwdtN8sX1vUcQFwp4FlTN2a/SxDLNcK2cNcoSky\nUEJeajJsUl8pXcttCuUD2Ex5IaCy7s+T7qZVviUySc1D4MbsK2w7KNVMnLbk0Z4D\nv+EAExx0Fx2R3JML64Gjfe4a/ZsOOxDj49O0bGu6l6vnNa2XII1wRftvY1jwLn4D\n07HbLrENR78O6Cm6BhkRPG5by+TzWdVaJW2YYTtljg7K4rMQFOVyWalaMtXotf/Z\nWhcgu3TcXIbMho3VhEfKKp4x8jsZg3+JiVCwAkUUJFqV0vWJfox19DSLOW70xrX7\nZVe8iChZxbaxlGaM5VZ2xA4U1fm3z0p4iS2qrSPgoMqiGGWQARx+GK4jFgkXqBQ5\nUKyUwGisDD7op7y3PQaUsIrS9tvg6deonmRE4+hpW9xipc08Xx97vTqNE6f1D4dW\nMPNqbEt9rk01PtiHnja7avpmmnq6Ff3geJr2iF0RbvlAHY5DjWUCggEBAORNvUVr\nO/IGRIbpAD1VDdkkveTMhRpYA0PjBGiev6L6dnJDpAqY7Wg1+wJWXGsCLjnu5vSp\ncB1Dy1GmvZH8zp63uz20ROMal4j7skTHvXgQfteAaShkHemiIb07LxO1OGZTUti2\nw45kN7V9dzs6Z+k+Uqe6Tu8L8efY0ZVyQqAC1YrgCKN6tFzev2EFPfsLNmD4p5HO\nwpL6xeHhTkqoMvpMcekeCuaRtRU0kYkDcuEI/xy57ICJ3+pK28oQ9q0Szv9HkpNo\nt5AJ5OFp9pxCWOGBwyRRFO/8drr7d9e+COaYwfQk7xc3mfqFbG06nDq1m1Cp5dvX\nvajaVCzzNHybfp8CggEBAM3cu0qVMFKeLrmiQxwNvhMG4Z8ypwUbuu3CYapCLaL0\nJYp/hhf2Yci5fnwPHydy5MILRxWOsKEhtdBWw9r8IBEjHC3KLaZ8IQPLCJg+Ypfu\nOJDvA1ZUbXdqoEXhU3slHxF45d91Df12htQDODOV1R/12kDM3bChYURz7CO2pXyx\nT64nHhZ02ZW3mjVGXvAKYZn4GNySFKI4k9p0e6RAvTLf6ngb/ojynhPpNmej78cb\n5HNVKx5DbCBiLh5Vk9w8fyK+wiFyoV7y0JgHKzWJ+orBwo7Y8JUBuRR4XcWQGyo6\nMnnDJMlTC0cmlZuNDyo6IpyMGdIvXHTdyhY/LtgxCRcCggEBAJN+tdz3Xo8KBZOz\nTHhTTtMOra/3gbZ3TgS50ctVZDGC5qsDkCNYkWhWF4h3CtYHXp4G/ibqoIgHmH9z\n3d1HGqXnxYwjvq2KLIRPN+i/smSzI39OcqGprLmYCXwblFqDJaDWDBv+V3DSxjr2\nh+U34pIJtZSvBPfjG7HRnfWTEAAYVKWX/3y+dW/aaIHhxR0/LS6Q9pF4prQWV2mL\nCe2ppOWYJa+ZvSkg0YCVqcB+/eTszwRcCbMxX/wZyM1PEE7Ya+r47nVVneHswnXu\n42goZQurrcr0pzY0QPCkLdSv7UgtQIDeq6iwP0ZelKIsz2oOkf0XBm11gA5qnx87\nMJmgS7kCggEBAK9KEMCFIEx5HNg8bmBo4zxYU62297jFz/m71mWfTDTBJ2YzB/9H\ncCP2rtj8F08D6f3AlJqqkYPirGnmN4czwCpXdxsWWKC2eXY9X+gi1tj/o3Ll0jWk\nVkGkrSxTnT3yce3yv+nyRiNY1Z2Z0DU8k+lO8rTSvMI16BjdjGkskOUIJgzoihod\nDVkKqWhLr3M9o7XzJ1hJmwA2pM8S+GT4KyIyv/fd/nKmBCx4HDdLxFQKUBBUqQ5v\n4pYAg7yYqfqSGL+BJtRMQ1QR9cQ99nD0OD4GlqAD4Xc/rFTd2RrshfUC8Q/1NlGn\nQKcpF6MIDa2rKuWZ9jKe2V85q2YeDslPl6kCggEBAJCnjjI48HC6BnzuOhTah5ZJ\nC8d0guOuvqkWN7mvGGCH1p92y1Mey4twedxtquJEjb/kJa7ZMTPzd/cRlJxFolG0\nhcWYiMKGdi9Wh0y6ppNBbAgMsRArdT/iUiOCCWUNitjb2uNrCWPlyZ7SEHoIjfNp\nVFKfnd6D0BzZc4WQCBSMgrjBzHSdu5in8oWguMqm1lAXT6iLRD3Lug/nZwYlfx4B\nitmyy7HwQ0nlLJSS62DFMCM70tD+82sxxpLhrDQ3HnaTbCHtORf2vhRbSpAxYCoV\nV6G0oB+1VsZPqFaQxzYW7zmcduS8xJfOkTrk3hdr5JRXBCMo6joiLyTiWfS7MFQ=\n-----END RSA PRIVATE KEY-----\n",
            "private_key_pem_pkcs8": "-----BEGIN PRIVATE KEY-----\nMIIJRQIBADANBgkqhkiG9w0BAQEFAASCCS8wggkrAgEAAoICAQC3lxpmi03rI6gW\nB5V9q5XG37HSLGZzHsBOhXrVByTBlzOA3+7zykw8TjZe+GF8sJmILVo+urL8EO7x\nSCOldXeS+41FZWq2Fx3CCx0t8Z7S0g6uds0lqwDN19EJN0zpYshrOyR4vhLZGCl8\n30E6U1qRf+hSnopjOifQWFiJ6foXADUPvZJMcPbBVAxcA6IHfIJ1OvrDeqpAskpV\nh1J2HMsnxM1p+Tvfc22w0CuzOIWwKbpAH6kqDOzYJW1E9j7/tC1/1xZnizQjlYXi\nzq33QthBuvW9uL77A//aK3+Bx0Txz97K6+3wyDPCpvMzJG0j5LpUBqpW+nZ0jOCv\nBrN7zQICCTFASSNzv7pqyZdbutnw7Sj/NyXEPn0/6fwFV1SBsyrlunQgTx0+oTEO\nnN+MDZaGRe2w0ACaU7Q64YsyKJdn9zUNMqWnf5EW5Cnt3F5FwNz2l8bY5boCtkXr\n2ProohPZbE7Zz2JCrRZxnQlcGhCjG1Awm8RSXGRe5ceMcQuLav3q0BQntpkkdJ1R\nKOdPvQIZuHoEhUDsGNkxBV8UCPFDhNgAr3hlJ9Qr6Pqn8jWHbbCvGOwtjiDO5wfy\nnl4OqckerpzagcIzJXlmtKaIV10y3JkR8pv3cR16tKxyPNvjVeUa9sz7ChcByrnk\nk3iugrxYi+PvJtBNQwP6iaBEDdr3SQIDAQABAoICAQCzkUrUQ6rJs82DBpX0HjDY\nHRHLVXw7WzeTVcFHvb340BAjHGSW9SZN0d4iU+TeVclFxb5AHtJT86gSPZIIEvYK\nwJpz5vdR9Rg5JC+9MVg8MhMEF9Ud471cmJuv3PQQTntjTqykoJzE1Ho31hHxn3e1\nWpr8vG71EPvCL7ch5cWkW6KKq8v9knv3qmKQWUlQ8zqSuUZujnsZ3okQUNSaDB20\n3yxfW9RxAXCngWVM3Zr9LEMs1wrZw1yhKTJQQl5qMmxSXyldy20K5QPYTHkhoLLu\nz5PuplW+JTJJzUPgxuwrbDso1UyctuTRngO/4QATHHQXHZHckwvrgaN97hr9mw47\nEOPj07Rsa7qXq+c1rZcgjXBF+29jWPAufgPTsdsusQ1Hvw7oKboGGRE8blvL5PNZ\n1VolbZhhO2WODsrisxAU5XJZqVoy1ei1/9laFyC7dNxchsyGjdWER8oqnjHyOxmD\nf4mJULACRRQkWpXS9Yl+jHX0NIs5bvTGtftlV7yIKFnFtrGUZozlVnbEDhTV+bfP\nSniJLaqtI+CgyqIYZZABHH4YriMWCReoFDlQrJTAaKwMPuinvLc9BpSwitL22+Dp\n16ieZETj6Glb3GKlzTxfH3u9Oo0Tp/UPh1Yw82psS32uTTU+2IeeNrtq+maaeroV\n/eB4mvaIXRFu+UAdjkONZQKCAQEA5E29RWs78gZEhukAPVUN2SS95MyFGlgDQ+ME\naJ6/ovp2ckOkCpjtaDX7AlZcawIuOe7m9KlwHUPLUaa9kfzOnre7PbRE4xqXiPuy\nRMe9eBB+14BpKGQd6aIhvTsvE7U4ZlNS2LbDjmQ3tX13Ozpn6T5Sp7pO7wvx59jR\nlXJCoALViuAIo3q0XN6/YQU9+ws2YPinkc7CkvrF4eFOSqgy+kxx6R4K5pG1FTSR\niQNy4Qj/HLnsgInf6krbyhD2rRLO/0eSk2i3kAnk4Wn2nEJY4YHDJFEU7/x2uvt3\n174I5pjB9CTvFzeZ+oVsbTqcOrWbUKnl29e9qNpULPM0fJt+nwKCAQEAzdy7SpUw\nUp4uuaJDHA2+EwbhnzKnBRu67cJhqkItovQlin+GF/ZhyLl+fA8fJ3LkwgtHFY6w\noSG10FbD2vwgESMcLcotpnwhA8sImD5il+44kO8DVlRtd2qgReFTeyUfEXjl33UN\n/XaG1AM4M5XVH/XaQMzdsKFhRHPsI7alfLFPriceFnTZlbeaNUZe8AphmfgY3JIU\nojiT2nR7pEC9Mt/qeBv+iPKeE+k2Z6Pvxxvkc1UrHkNsIGIuHlWT3Dx/Ir7CIXKh\nXvLQmAcrNYn6isHCjtjwlQG5FHhdxZAbKjoyecMkyVMLRyaVm40PKjoinIwZ0i9c\ndN3KFj8u2DEJFwKCAQEAk3613PdejwoFk7NMeFNO0w6tr/eBtndOBLnRy1VkMYLm\nqwOQI1iRaFYXiHcK1gdengb+JuqgiAeYf3Pd3UcapefFjCO+rYoshE836L+yZLMj\nf05yoamsuZgJfBuUWoMloNYMG/5XcNLGOvaH5Tfikgm1lK8E9+MbsdGd9ZMQABhU\npZf/fL51b9pogeHFHT8tLpD2kXimtBZXaYsJ7amk5Zglr5m9KSDRgJWpwH795OzP\nBFwJszFf/BnIzU8QTthr6vjudVWd4ezCde7jaChlC6utyvSnNjRA8KQt1K/tSC1A\ngN6rqLA/Rl6UoizPag6R/RcGbXWADmqfHzswmaBLuQKCAQEAr0oQwIUgTHkc2Dxu\nYGjjPFhTrbb3uMXP+bvWZZ9MNMEnZjMH/0dwI/au2PwXTwPp/cCUmqqRg+KsaeY3\nhzPAKld3GxZYoLZ5dj1f6CLW2P+jcuXSNaRWQaStLFOdPfJx7fK/6fJGI1jVnZnQ\nNTyT6U7ytNK8wjXoGN2MaSyQ5QgmDOiKGh0NWQqpaEuvcz2jtfMnWEmbADakzxL4\nZPgrIjK/993+cqYELHgcN0vEVApQEFSpDm/ilgCDvJip+pIYv4Em1ExDVBH1xD32\ncPQ4PgaWoAPhdz+sVN3ZGuyF9QLxD/U2UadApykXowgNrasq5Zn2Mp7ZXzmrZh4O\nyU+XqQKCAQEAkKeOMjjwcLoGfO46FNqHlkkLx3SC466+qRY3ua8YYIfWn3bLUx7L\ni3B53G2q4kSNv+QlrtkxM/N39xGUnEWiUbSFxZiIwoZ2L1aHTLqmk0FsCAyxECt1\nP+JSI4IJZQ2K2Nva42sJY+XJntIQegiN82lUUp+d3oPQHNlzhZAIFIyCuMHMdJ27\nmKfyhaC4yqbWUBdPqItEPcu6D+dnBiV/HgGK2bLLsfBDSeUslJLrYMUwIzvS0P7z\nazHGkuGsNDcedpNsIe05F/a+FFtKkDFgKhVXobSgH7VWxk+oVpDHNhbvOZx25LzE\nl86ROuTeF2vklFcEIyjqOiIvJOJZ9LswVA==\n-----END PRIVATE KEY-----\n",
            "public_key_fingerprint_md5": "13:d3:04:f9:62:74:5c:f9:49:d4:63:e9:52:12:54:9c",
            "public_key_fingerprint_sha256": "SHA256:TefFSIoJnMXer6cnPNHyuANcYyKqDifgHCJHQWjIG0s",
            "public_key_openssh": "ssh-rsa AAAAB3NzaC1yc2EAAAADAQABAAACAQC3lxpmi03rI6gWB5V9q5XG37HSLGZzHsBOhXrVByTBlzOA3+7zykw8TjZe+GF8sJmILVo+urL8EO7xSCOldXeS+41FZWq2Fx3CCx0t8Z7S0g6uds0lqwDN19EJN0zpYshrOyR4vhLZGCl830E6U1qRf+hSnopjOifQWFiJ6foXADUPvZJMcPbBVAxcA6IHfIJ1OvrDeqpAskpVh1J2HMsnxM1p+Tvfc22w0CuzOIWwKbpAH6kqDOzYJW1E9j7/tC1/1xZnizQjlYXizq33QthBuvW9uL77A//aK3+Bx0Txz97K6+3wyDPCpvMzJG0j5LpUBqpW+nZ0jOCvBrN7zQICCTFASSNzv7pqyZdbutnw7Sj/NyXEPn0/6fwFV1SBsyrlunQgTx0+oTEOnN+MDZaGRe2w0ACaU7Q64YsyKJdn9zUNMqWnf5EW5Cnt3F5FwNz2l8bY5boCtkXr2ProohPZbE7Zz2JCrRZxnQlcGhCjG1Awm8RSXGRe5ceMcQuLav3q0BQntpkkdJ1RKOdPvQIZuHoEhUDsGNkxBV8UCPFDhNgAr3hlJ9Qr6Pqn8jWHbbCvGOwtjiDO5wfynl4OqckerpzagcIzJXlmtKaIV10y3JkR8pv3cR16tKxyPNvjVeUa9sz7ChcByrnkk3iugrxYi+PvJtBNQwP6iaBEDdr3SQ==\n",
            "public_key_pem": "-----BEGIN PUBLIC KEY-----\nMIICIjANBgkqhkiG9w0BAQEFAAOCAg8AMIICCgKCAgEAt5caZotN6yOoFgeVfauV\nxt+x0ixmcx7AToV61QckwZczgN/u88pMPE42XvhhfLCZiC1aPrqy/BDu8UgjpXV3\nkvuNRWVqthcdwgsdLfGe0tIOrnbNJasAzdfRCTdM6WLIazskeL4S2RgpfN9BOlNa\nkX/oUp6KYzon0FhYien6FwA1D72STHD2wVQMXAOiB3yCdTr6w3qqQLJKVYdSdhzL\nJ8TNafk733NtsNArsziFsCm6QB+pKgzs2CVtRPY+/7Qtf9cWZ4s0I5WF4s6t90LY\nQbr1vbi++wP/2it/gcdE8c/eyuvt8MgzwqbzMyRtI+S6VAaqVvp2dIzgrwaze80C\nAgkxQEkjc7+6asmXW7rZ8O0o/zclxD59P+n8BVdUgbMq5bp0IE8dPqExDpzfjA2W\nhkXtsNAAmlO0OuGLMiiXZ/c1DTKlp3+RFuQp7dxeRcDc9pfG2OW6ArZF69j66KIT\n2WxO2c9iQq0WcZ0JXBoQoxtQMJvEUlxkXuXHjHELi2r96tAUJ7aZJHSdUSjnT70C\nGbh6BIVA7BjZMQVfFAjxQ4TYAK94ZSfUK+j6p/I1h22wrxjsLY4gzucH8p5eDqnJ\nHq6c2oHCMyV5ZrSmiFddMtyZEfKb93EderSscjzb41XlGvbM+woXAcq55JN4roK8\nWIvj7ybQTUMD+omgRA3a90kCAwEAAQ==\n-----END PUBLIC KEY-----\n",
            "rsa_bits": 4096
          },
          "sensitive_attributes": [
            [
              {
                "type": "get_attr",
                "value": "private_key_pem"
              }
            ],
            [
              {
                "type": "get_attr",
                "value": "private_key_openssh"
              }
            ],
            [
              {
                "type": "get_attr",
                "value": "private_key_pem_pkcs8"
              }
            ]
          ]
        }
      ]
    }
  ],
  "check_results": null
}
